
Microsoft Visual Studio Solution File, Format Version 12.00
# Visual Studio 2013
VisualStudioVersion = 12.0.30110.0
MinimumVisualStudioVersion = 10.0.40219.1
Project("{FAE04EC0-301F-11D3-BF4B-00C04F79EFBC}") = "WebTest", "CRLWebTest\WebTest.csproj", "{5B1E144D-0586-4B80-B4E6-F90C81E9CDB7}"
EndProject
Project("{FAE04EC0-301F-11D3-BF4B-00C04F79EFBC}") = "CRL", "CRL\CRL.csproj", "{221A152B-1136-46A0-BF49-37D8E8EF19A0}"
EndProject
Project("{FAE04EC0-301F-11D3-BF4B-00C04F79EFBC}") = "CRL.Package", "CRL.Package\CRL.Package.csproj", "{1B013A5C-BEB1-4EFD-9737-FA4DD1C85D18}"
EndProject
Project("{FAE04EC0-301F-11D3-BF4B-00C04F79EFBC}") = "Core.Mvc", "Core.Mvc\Core.Mvc.csproj", "{BD1750C2-C75C-4DC9-8CA4-D5E127317A3E}"
EndProject
Project("{2150E333-8FDC-42A3-9474-1A3956D46DE8}") = "CRLShoppingDemo", "CRLShoppingDemo", "{F25C4D6E-3028-44CB-9065-71441F059E43}"
EndProject
Project("{FAE04EC0-301F-11D3-BF4B-00C04F79EFBC}") = "Shopping.Web", "CRLShoppingDemo\Shopping.Web\Shopping.Web.csproj", "{17360BED-677B-4FCC-BFE6-F135773210EE}"
EndProject
Project("{FAE04EC0-301F-11D3-BF4B-00C04F79EFBC}") = "Shopping.Model", "CRLShoppingDemo\Shopping.Model\Shopping.Model.csproj", "{89075304-3B1A-4130-87BC-A4476D7889D5}"
EndProject
Project("{FAE04EC0-301F-11D3-BF4B-00C04F79EFBC}") = "Shopping.BLL", "CRLShoppingDemo\Shopping.BLL\Shopping.BLL.csproj", "{277F6807-C4E4-4AB8-9BDE-89BE9CBEB670}"
EndProject
Project("{FAE04EC0-301F-11D3-BF4B-00C04F79EFBC}") = "TestConsole", "TestConsole\TestConsole.csproj", "{E9A0438F-27BE-4836-B079-AE5E766AC22F}"
EndProject
Global
	GlobalSection(SolutionConfigurationPlatforms) = preSolution
		Debug|Any CPU = Debug|Any CPU
		DebugMono|Any CPU = DebugMono|Any CPU
		Release|Any CPU = Release|Any CPU
		ReleaseMono|Any CPU = ReleaseMono|Any CPU
	EndGlobalSection
	GlobalSection(ProjectConfigurationPlatforms) = postSolution
		{5B1E144D-0586-4B80-B4E6-F90C81E9CDB7}.Debug|Any CPU.ActiveCfg = Debug|Any CPU
		{5B1E144D-0586-4B80-B4E6-F90C81E9CDB7}.Debug|Any CPU.Build.0 = Debug|Any CPU
		{5B1E144D-0586-4B80-B4E6-F90C81E9CDB7}.DebugMono|Any CPU.ActiveCfg = Debug|Any CPU
		{5B1E144D-0586-4B80-B4E6-F90C81E9CDB7}.DebugMono|Any CPU.Build.0 = Debug|Any CPU
		{5B1E144D-0586-4B80-B4E6-F90C81E9CDB7}.Release|Any CPU.ActiveCfg = Release|Any CPU
		{5B1E144D-0586-4B80-B4E6-F90C81E9CDB7}.Release|Any CPU.Build.0 = Release|Any CPU
		{5B1E144D-0586-4B80-B4E6-F90C81E9CDB7}.ReleaseMono|Any CPU.ActiveCfg = Release|Any CPU
		{5B1E144D-0586-4B80-B4E6-F90C81E9CDB7}.ReleaseMono|Any CPU.Build.0 = Release|Any CPU
		{221A152B-1136-46A0-BF49-37D8E8EF19A0}.Debug|Any CPU.ActiveCfg = Debug|Any CPU
		{221A152B-1136-46A0-BF49-37D8E8EF19A0}.Debug|Any CPU.Build.0 = Debug|Any CPU
		{221A152B-1136-46A0-BF49-37D8E8EF19A0}.DebugMono|Any CPU.ActiveCfg = Debug|Any CPU
		{221A152B-1136-46A0-BF49-37D8E8EF19A0}.DebugMono|Any CPU.Build.0 = Debug|Any CPU
		{221A152B-1136-46A0-BF49-37D8E8EF19A0}.Release|Any CPU.ActiveCfg = Release|Any CPU
		{221A152B-1136-46A0-BF49-37D8E8EF19A0}.Release|Any CPU.Build.0 = Release|Any CPU
		{221A152B-1136-46A0-BF49-37D8E8EF19A0}.ReleaseMono|Any CPU.ActiveCfg = Release|Any CPU
		{221A152B-1136-46A0-BF49-37D8E8EF19A0}.ReleaseMono|Any CPU.Build.0 = Release|Any CPU
		{1B013A5C-BEB1-4EFD-9737-FA4DD1C85D18}.Debug|Any CPU.ActiveCfg = Debug|Any CPU
		{1B013A5C-BEB1-4EFD-9737-FA4DD1C85D18}.Debug|Any CPU.Build.0 = Debug|Any CPU
		{1B013A5C-BEB1-4EFD-9737-FA4DD1C85D18}.DebugMono|Any CPU.ActiveCfg = Debug|Any CPU
		{1B013A5C-BEB1-4EFD-9737-FA4DD1C85D18}.DebugMono|Any CPU.Build.0 = Debug|Any CPU
		{1B013A5C-BEB1-4EFD-9737-FA4DD1C85D18}.Release|Any CPU.ActiveCfg = Release|Any CPU
		{1B013A5C-BEB1-4EFD-9737-FA4DD1C85D18}.Release|Any CPU.Build.0 = Release|Any CPU
		{1B013A5C-BEB1-4EFD-9737-FA4DD1C85D18}.ReleaseMono|Any CPU.ActiveCfg = Release|Any CPU
		{1B013A5C-BEB1-4EFD-9737-FA4DD1C85D18}.ReleaseMono|Any CPU.Build.0 = Release|Any CPU
		{BD1750C2-C75C-4DC9-8CA4-D5E127317A3E}.Debug|Any CPU.ActiveCfg = Debug|Any CPU
		{BD1750C2-C75C-4DC9-8CA4-D5E127317A3E}.Debug|Any CPU.Build.0 = Debug|Any CPU
		{BD1750C2-C75C-4DC9-8CA4-D5E127317A3E}.DebugMono|Any CPU.ActiveCfg = Debug|Any CPU
		{BD1750C2-C75C-4DC9-8CA4-D5E127317A3E}.DebugMono|Any CPU.Build.0 = Debug|Any CPU
		{BD1750C2-C75C-4DC9-8CA4-D5E127317A3E}.Release|Any CPU.ActiveCfg = Release|Any CPU
		{BD1750C2-C75C-4DC9-8CA4-D5E127317A3E}.Release|Any CPU.Build.0 = Release|Any CPU
		{BD1750C2-C75C-4DC9-8CA4-D5E127317A3E}.ReleaseMono|Any CPU.ActiveCfg = Release|Any CPU
		{BD1750C2-C75C-4DC9-8CA4-D5E127317A3E}.ReleaseMono|Any CPU.Build.0 = Release|Any CPU
		{17360BED-677B-4FCC-BFE6-F135773210EE}.Debug|Any CPU.ActiveCfg = Debug|Any CPU
		{17360BED-677B-4FCC-BFE6-F135773210EE}.Debug|Any CPU.Build.0 = Debug|Any CPU
		{17360BED-677B-4FCC-BFE6-F135773210EE}.DebugMono|Any CPU.ActiveCfg = Debug|Any CPU
		{17360BED-677B-4FCC-BFE6-F135773210EE}.DebugMono|Any CPU.Build.0 = Debug|Any CPU
		{17360BED-677B-4FCC-BFE6-F135773210EE}.Release|Any CPU.ActiveCfg = Release|Any CPU
		{17360BED-677B-4FCC-BFE6-F135773210EE}.Release|Any CPU.Build.0 = Release|Any CPU
		{17360BED-677B-4FCC-BFE6-F135773210EE}.ReleaseMono|Any CPU.ActiveCfg = Release|Any CPU
		{17360BED-677B-4FCC-BFE6-F135773210EE}.ReleaseMono|Any CPU.Build.0 = Release|Any CPU
		{89075304-3B1A-4130-87BC-A4476D7889D5}.Debug|Any CPU.ActiveCfg = Debug|Any CPU
		{89075304-3B1A-4130-87BC-A4476D7889D5}.Debug|Any CPU.Build.0 = Debug|Any CPU
		{89075304-3B1A-4130-87BC-A4476D7889D5}.DebugMono|Any CPU.ActiveCfg = Debug|Any CPU
		{89075304-3B1A-4130-87BC-A4476D7889D5}.DebugMono|Any CPU.Build.0 = Debug|Any CPU
		{89075304-3B1A-4130-87BC-A4476D7889D5}.Release|Any CPU.ActiveCfg = Release|Any CPU
		{89075304-3B1A-4130-87BC-A4476D7889D5}.Release|Any CPU.Build.0 = Release|Any CPU
		{89075304-3B1A-4130-87BC-A4476D7889D5}.ReleaseMono|Any CPU.ActiveCfg = Release|Any CPU
		{89075304-3B1A-4130-87BC-A4476D7889D5}.ReleaseMono|Any CPU.Build.0 = Release|Any CPU
		{277F6807-C4E4-4AB8-9BDE-89BE9CBEB670}.Debug|Any CPU.ActiveCfg = Debug|Any CPU
		{277F6807-C4E4-4AB8-9BDE-89BE9CBEB670}.Debug|Any CPU.Build.0 = Debug|Any CPU
		{277F6807-C4E4-4AB8-9BDE-89BE9CBEB670}.DebugMono|Any CPU.ActiveCfg = Debug|Any CPU
		{277F6807-C4E4-4AB8-9BDE-89BE9CBEB670}.DebugMono|Any CPU.Build.0 = Debug|Any CPU
		{277F6807-C4E4-4AB8-9BDE-89BE9CBEB670}.Release|Any CPU.ActiveCfg = Release|Any CPU
		{277F6807-C4E4-4AB8-9BDE-89BE9CBEB670}.Release|Any CPU.Build.0 = Release|Any CPU
		{277F6807-C4E4-4AB8-9BDE-89BE9CBEB670}.ReleaseMono|Any CPU.ActiveCfg = Release|Any CPU
		{277F6807-C4E4-4AB8-9BDE-89BE9CBEB670}.ReleaseMono|Any CPU.Build.0 = Release|Any CPU
		{E9A0438F-27BE-4836-B079-AE5E766AC22F}.Debug|Any CPU.ActiveCfg = Debug|Any CPU
		{E9A0438F-27BE-4836-B079-AE5E766AC22F}.Debug|Any CPU.Build.0 = Debug|Any CPU
		{E9A0438F-27BE-4836-B079-AE5E766AC22F}.DebugMono|Any CPU.ActiveCfg = Debug|Any CPU
		{E9A0438F-27BE-4836-B079-AE5E766AC22F}.DebugMono|Any CPU.Build.0 = Debug|Any CPU
		{E9A0438F-27BE-4836-B079-AE5E766AC22F}.Release|Any CPU.ActiveCfg = Release|Any CPU
		{E9A0438F-27BE-4836-B079-AE5E766AC22F}.Release|Any CPU.Build.0 = Release|Any CPU
		{E9A0438F-27BE-4836-B079-AE5E766AC22F}.ReleaseMono|Any CPU.ActiveCfg = Release|Any CPU
		{E9A0438F-27BE-4836-B079-AE5E766AC22F}.ReleaseMono|Any CPU.Build.0 = Release|Any CPU
	EndGlobalSection
	GlobalSection(SolutionProperties) = preSolution
		HideSolutionNode = FALSE
	EndGlobalSection
	GlobalSection(NestedProjects) = preSolution
		{17360BED-677B-4FCC-BFE6-F135773210EE} = {F25C4D6E-3028-44CB-9065-71441F059E43}
		{89075304-3B1A-4130-87BC-A4476D7889D5} = {F25C4D6E-3028-44CB-9065-71441F059E43}
		{277F6807-C4E4-4AB8-9BDE-89BE9CBEB670} = {F25C4D6E-3028-44CB-9065-71441F059E43}
	EndGlobalSection
EndGlobal
