
Microsoft Visual Studio Solution File, Format Version 12.00
# Visual Studio 2012
Project("{FAE04EC0-301F-11D3-BF4B-00C04F79EFBC}") = "WebTest", "CRLWebTest\WebTest.csproj", "{5B1E144D-0586-4B80-B4E6-F90C81E9CDB7}"
EndProject
Project("{FAE04EC0-301F-11D3-BF4B-00C04F79EFBC}") = "CRL", "CRL\CRL.csproj", "{221A152B-1136-46A0-BF49-37D8E8EF19A0}"
EndProject
Project("{FAE04EC0-301F-11D3-BF4B-00C04F79EFBC}") = "CRL.Package", "CRL.Package\CRL.Package.csproj", "{1B013A5C-BEB1-4EFD-9737-FA4DD1C85D18}"
EndProject
Global
	GlobalSection(SolutionConfigurationPlatforms) = preSolution
		Debug|Any CPU = Debug|Any CPU
		Release|Any CPU = Release|Any CPU
	EndGlobalSection
	GlobalSection(ProjectConfigurationPlatforms) = postSolution
		{5B1E144D-0586-4B80-B4E6-F90C81E9CDB7}.Debug|Any CPU.ActiveCfg = Debug|Any CPU
		{5B1E144D-0586-4B80-B4E6-F90C81E9CDB7}.Debug|Any CPU.Build.0 = Debug|Any CPU
		{5B1E144D-0586-4B80-B4E6-F90C81E9CDB7}.Release|Any CPU.ActiveCfg = Release|Any CPU
		{5B1E144D-0586-4B80-B4E6-F90C81E9CDB7}.Release|Any CPU.Build.0 = Release|Any CPU
		{221A152B-1136-46A0-BF49-37D8E8EF19A0}.Debug|Any CPU.ActiveCfg = Debug|Any CPU
		{221A152B-1136-46A0-BF49-37D8E8EF19A0}.Debug|Any CPU.Build.0 = Debug|Any CPU
		{221A152B-1136-46A0-BF49-37D8E8EF19A0}.Release|Any CPU.ActiveCfg = Release|Any CPU
		{221A152B-1136-46A0-BF49-37D8E8EF19A0}.Release|Any CPU.Build.0 = Release|Any CPU
		{1B013A5C-BEB1-4EFD-9737-FA4DD1C85D18}.Debug|Any CPU.ActiveCfg = Debug|Any CPU
		{1B013A5C-BEB1-4EFD-9737-FA4DD1C85D18}.Debug|Any CPU.Build.0 = Debug|Any CPU
		{1B013A5C-BEB1-4EFD-9737-FA4DD1C85D18}.Release|Any CPU.ActiveCfg = Release|Any CPU
		{1B013A5C-BEB1-4EFD-9737-FA4DD1C85D18}.Release|Any CPU.Build.0 = Release|Any CPU
	EndGlobalSection
	GlobalSection(SolutionProperties) = preSolution
		HideSolutionNode = FALSE
	EndGlobalSection
EndGlobal
